// !$*UTF8*$!
{
	archiveVersion = 1;
	classes = {
	};
	objectVersion = 50;
	objects = {

/* Begin PBXBuildFile section */
		8F8738A724651A1900D0D27B /* ResultsViewControllerTest.swift in Sources */ = {isa = PBXBuildFile; fileRef = 8F8738A624651A1900D0D27B /* ResultsViewControllerTest.swift */; };
		8F8738AA24651A5200D0D27B /* ResultsViewController.swift in Sources */ = {isa = PBXBuildFile; fileRef = 8F8738A824651A5200D0D27B /* ResultsViewController.swift */; };
		8F8738AB24651A5200D0D27B /* ResultsViewController.xib in Resources */ = {isa = PBXBuildFile; fileRef = 8F8738A924651A5200D0D27B /* ResultsViewController.xib */; };
		8F8738AD2465BA2700D0D27B /* TableViewHelpers.swift in Sources */ = {isa = PBXBuildFile; fileRef = 8F8738AC2465BA2700D0D27B /* TableViewHelpers.swift */; };
		8F8738AF2465BEF700D0D27B /* CorrectAnswerCell.xib in Resources */ = {isa = PBXBuildFile; fileRef = 8F8738AE2465BEF700D0D27B /* CorrectAnswerCell.xib */; };
		8F8738B12465C59C00D0D27B /* WrongAnswerCell.xib in Resources */ = {isa = PBXBuildFile; fileRef = 8F8738B02465C59C00D0D27B /* WrongAnswerCell.xib */; };
		8F8835EF245FD8C500FFDB08 /* AppDelegate.swift in Sources */ = {isa = PBXBuildFile; fileRef = 8F8835EE245FD8C500FFDB08 /* AppDelegate.swift */; };
		8F8835F1245FD8C500FFDB08 /* SceneDelegate.swift in Sources */ = {isa = PBXBuildFile; fileRef = 8F8835F0245FD8C500FFDB08 /* SceneDelegate.swift */; };
		8F8835F8245FD8C600FFDB08 /* Assets.xcassets in Resources */ = {isa = PBXBuildFile; fileRef = 8F8835F7245FD8C600FFDB08 /* Assets.xcassets */; };
		8F8835FB245FD8C600FFDB08 /* LaunchScreen.storyboard in Resources */ = {isa = PBXBuildFile; fileRef = 8F8835F9245FD8C600FFDB08 /* LaunchScreen.storyboard */; };
		8F883606245FD8C600FFDB08 /* QuizAppTests.swift in Sources */ = {isa = PBXBuildFile; fileRef = 8F883605245FD8C600FFDB08 /* QuizAppTests.swift */; };
		8F883611245FDA3C00FFDB08 /* QuestionViewControllerTest.swift in Sources */ = {isa = PBXBuildFile; fileRef = 8F883610245FDA3C00FFDB08 /* QuestionViewControllerTest.swift */; };
		8F883613245FDAD000FFDB08 /* QuestionViewController.swift in Sources */ = {isa = PBXBuildFile; fileRef = 8F883612245FDAD000FFDB08 /* QuestionViewController.swift */; };
		8F883615245FDB8600FFDB08 /* QuestionViewController.xib in Resources */ = {isa = PBXBuildFile; fileRef = 8F883614245FDB8600FFDB08 /* QuestionViewController.xib */; };
/* End PBXBuildFile section */

/* Begin PBXContainerItemProxy section */
		8F883602245FD8C600FFDB08 /* PBXContainerItemProxy */ = {
			isa = PBXContainerItemProxy;
			containerPortal = 8F8835E3245FD8C500FFDB08 /* Project object */;
			proxyType = 1;
			remoteGlobalIDString = 8F8835EA245FD8C500FFDB08;
			remoteInfo = QuizApp;
		};
/* End PBXContainerItemProxy section */

/* Begin PBXFileReference section */
		8F8738A624651A1900D0D27B /* ResultsViewControllerTest.swift */ = {isa = PBXFileReference; lastKnownFileType = sourcecode.swift; path = ResultsViewControllerTest.swift; sourceTree = "<group>"; };
		8F8738A824651A5200D0D27B /* ResultsViewController.swift */ = {isa = PBXFileReference; lastKnownFileType = sourcecode.swift; path = ResultsViewController.swift; sourceTree = "<group>"; };
		8F8738A924651A5200D0D27B /* ResultsViewController.xib */ = {isa = PBXFileReference; lastKnownFileType = file.xib; path = ResultsViewController.xib; sourceTree = "<group>"; };
		8F8738AC2465BA2700D0D27B /* TableViewHelpers.swift */ = {isa = PBXFileReference; lastKnownFileType = sourcecode.swift; path = TableViewHelpers.swift; sourceTree = "<group>"; };
		8F8738AE2465BEF700D0D27B /* CorrectAnswerCell.xib */ = {isa = PBXFileReference; lastKnownFileType = file.xib; path = CorrectAnswerCell.xib; sourceTree = "<group>"; };
		8F8738B02465C59C00D0D27B /* WrongAnswerCell.xib */ = {isa = PBXFileReference; lastKnownFileType = file.xib; path = WrongAnswerCell.xib; sourceTree = "<group>"; };
		8F8835EB245FD8C500FFDB08 /* QuizApp.app */ = {isa = PBXFileReference; explicitFileType = wrapper.application; includeInIndex = 0; path = QuizApp.app; sourceTree = BUILT_PRODUCTS_DIR; };
		8F8835EE245FD8C500FFDB08 /* AppDelegate.swift */ = {isa = PBXFileReference; lastKnownFileType = sourcecode.swift; path = AppDelegate.swift; sourceTree = "<group>"; };
		8F8835F0245FD8C500FFDB08 /* SceneDelegate.swift */ = {isa = PBXFileReference; lastKnownFileType = sourcecode.swift; path = SceneDelegate.swift; sourceTree = "<group>"; };
		8F8835F7245FD8C600FFDB08 /* Assets.xcassets */ = {isa = PBXFileReference; lastKnownFileType = folder.assetcatalog; path = Assets.xcassets; sourceTree = "<group>"; };
		8F8835FA245FD8C600FFDB08 /* Base */ = {isa = PBXFileReference; lastKnownFileType = file.storyboard; name = Base; path = Base.lproj/LaunchScreen.storyboard; sourceTree = "<group>"; };
		8F8835FC245FD8C600FFDB08 /* Info.plist */ = {isa = PBXFileReference; lastKnownFileType = text.plist.xml; path = Info.plist; sourceTree = "<group>"; };
		8F883601245FD8C600FFDB08 /* QuizAppTests.xctest */ = {isa = PBXFileReference; explicitFileType = wrapper.cfbundle; includeInIndex = 0; path = QuizAppTests.xctest; sourceTree = BUILT_PRODUCTS_DIR; };
		8F883605245FD8C600FFDB08 /* QuizAppTests.swift */ = {isa = PBXFileReference; lastKnownFileType = sourcecode.swift; path = QuizAppTests.swift; sourceTree = "<group>"; };
		8F883607245FD8C600FFDB08 /* Info.plist */ = {isa = PBXFileReference; lastKnownFileType = text.plist.xml; path = Info.plist; sourceTree = "<group>"; };
		8F883610245FDA3C00FFDB08 /* QuestionViewControllerTest.swift */ = {isa = PBXFileReference; lastKnownFileType = sourcecode.swift; path = QuestionViewControllerTest.swift; sourceTree = "<group>"; };
		8F883612245FDAD000FFDB08 /* QuestionViewController.swift */ = {isa = PBXFileReference; lastKnownFileType = sourcecode.swift; path = QuestionViewController.swift; sourceTree = "<group>"; };
		8F883614245FDB8600FFDB08 /* QuestionViewController.xib */ = {isa = PBXFileReference; lastKnownFileType = file.xib; path = QuestionViewController.xib; sourceTree = "<group>"; };
/* End PBXFileReference section */

/* Begin PBXFrameworksBuildPhase section */
		8F8835E8245FD8C500FFDB08 /* Frameworks */ = {
			isa = PBXFrameworksBuildPhase;
			buildActionMask = 2147483647;
			files = (
			);
			runOnlyForDeploymentPostprocessing = 0;
		};
		8F8835FE245FD8C600FFDB08 /* Frameworks */ = {
			isa = PBXFrameworksBuildPhase;
			buildActionMask = 2147483647;
			files = (
			);
			runOnlyForDeploymentPostprocessing = 0;
		};
/* End PBXFrameworksBuildPhase section */

/* Begin PBXGroup section */
		8F8835E2245FD8C500FFDB08 = {
			isa = PBXGroup;
			children = (
				8F8835ED245FD8C500FFDB08 /* QuizApp */,
				8F883604245FD8C600FFDB08 /* QuizAppTests */,
				8F8835EC245FD8C500FFDB08 /* Products */,
			);
			sourceTree = "<group>";
		};
		8F8835EC245FD8C500FFDB08 /* Products */ = {
			isa = PBXGroup;
			children = (
				8F8835EB245FD8C500FFDB08 /* QuizApp.app */,
				8F883601245FD8C600FFDB08 /* QuizAppTests.xctest */,
			);
			name = Products;
			sourceTree = "<group>";
		};
		8F8835ED245FD8C500FFDB08 /* QuizApp */ = {
			isa = PBXGroup;
			children = (
				8F8835EE245FD8C500FFDB08 /* AppDelegate.swift */,
				8F8835F0245FD8C500FFDB08 /* SceneDelegate.swift */,
				8F8835F7245FD8C600FFDB08 /* Assets.xcassets */,
				8F8835F9245FD8C600FFDB08 /* LaunchScreen.storyboard */,
				8F8835FC245FD8C600FFDB08 /* Info.plist */,
				8F883612245FDAD000FFDB08 /* QuestionViewController.swift */,
				8F883614245FDB8600FFDB08 /* QuestionViewController.xib */,
				8F8738A824651A5200D0D27B /* ResultsViewController.swift */,
				8F8738A924651A5200D0D27B /* ResultsViewController.xib */,
				8F8738AE2465BEF700D0D27B /* CorrectAnswerCell.xib */,
				8F8738B02465C59C00D0D27B /* WrongAnswerCell.xib */,
			);
			path = QuizApp;
			sourceTree = "<group>";
		};
		8F883604245FD8C600FFDB08 /* QuizAppTests */ = {
			isa = PBXGroup;
			children = (
				8F883610245FDA3C00FFDB08 /* QuestionViewControllerTest.swift */,
				8F883605245FD8C600FFDB08 /* QuizAppTests.swift */,
				8F883607245FD8C600FFDB08 /* Info.plist */,
				8F8738A624651A1900D0D27B /* ResultsViewControllerTest.swift */,
				8F8738AC2465BA2700D0D27B /* TableViewHelpers.swift */,
			);
			path = QuizAppTests;
			sourceTree = "<group>";
		};
/* End PBXGroup section */

/* Begin PBXNativeTarget section */
		8F8835EA245FD8C500FFDB08 /* QuizApp */ = {
			isa = PBXNativeTarget;
			buildConfigurationList = 8F88360A245FD8C600FFDB08 /* Build configuration list for PBXNativeTarget "QuizApp" */;
			buildPhases = (
				8F8835E7245FD8C500FFDB08 /* Sources */,
				8F8835E8245FD8C500FFDB08 /* Frameworks */,
				8F8835E9245FD8C500FFDB08 /* Resources */,
			);
			buildRules = (
			);
			dependencies = (
			);
			name = QuizApp;
			productName = QuizApp;
			productReference = 8F8835EB245FD8C500FFDB08 /* QuizApp.app */;
			productType = "com.apple.product-type.application";
		};
		8F883600245FD8C600FFDB08 /* QuizAppTests */ = {
			isa = PBXNativeTarget;
			buildConfigurationList = 8F88360D245FD8C600FFDB08 /* Build configuration list for PBXNativeTarget "QuizAppTests" */;
			buildPhases = (
				8F8835FD245FD8C600FFDB08 /* Sources */,
				8F8835FE245FD8C600FFDB08 /* Frameworks */,
				8F8835FF245FD8C600FFDB08 /* Resources */,
			);
			buildRules = (
			);
			dependencies = (
				8F883603245FD8C600FFDB08 /* PBXTargetDependency */,
			);
			name = QuizAppTests;
			productName = QuizAppTests;
			productReference = 8F883601245FD8C600FFDB08 /* QuizAppTests.xctest */;
			productType = "com.apple.product-type.bundle.unit-test";
		};
/* End PBXNativeTarget section */

/* Begin PBXProject section */
		8F8835E3245FD8C500FFDB08 /* Project object */ = {
			isa = PBXProject;
			attributes = {
				LastSwiftUpdateCheck = 1140;
				LastUpgradeCheck = 1140;
				ORGANIZATIONNAME = NewWesternDev;
				TargetAttributes = {
					8F8835EA245FD8C500FFDB08 = {
						CreatedOnToolsVersion = 11.4.1;
					};
					8F883600245FD8C600FFDB08 = {
						CreatedOnToolsVersion = 11.4.1;
						TestTargetID = 8F8835EA245FD8C500FFDB08;
					};
				};
			};
			buildConfigurationList = 8F8835E6245FD8C500FFDB08 /* Build configuration list for PBXProject "QuizApp" */;
			compatibilityVersion = "Xcode 9.3";
			developmentRegion = en;
			hasScannedForEncodings = 0;
			knownRegions = (
				en,
				Base,
			);
			mainGroup = 8F8835E2245FD8C500FFDB08;
			productRefGroup = 8F8835EC245FD8C500FFDB08 /* Products */;
			projectDirPath = "";
			projectRoot = "";
			targets = (
				8F8835EA245FD8C500FFDB08 /* QuizApp */,
				8F883600245FD8C600FFDB08 /* QuizAppTests */,
			);
		};
/* End PBXProject section */

/* Begin PBXResourcesBuildPhase section */
		8F8835E9245FD8C500FFDB08 /* Resources */ = {
			isa = PBXResourcesBuildPhase;
			buildActionMask = 2147483647;
			files = (
				8F8835FB245FD8C600FFDB08 /* LaunchScreen.storyboard in Resources */,
				8F8738B12465C59C00D0D27B /* WrongAnswerCell.xib in Resources */,
				8F8835F8245FD8C600FFDB08 /* Assets.xcassets in Resources */,
				8F883615245FDB8600FFDB08 /* QuestionViewController.xib in Resources */,
				8F8738AF2465BEF700D0D27B /* CorrectAnswerCell.xib in Resources */,
				8F8738AB24651A5200D0D27B /* ResultsViewController.xib in Resources */,
			);
			runOnlyForDeploymentPostprocessing = 0;
		};
		8F8835FF245FD8C600FFDB08 /* Resources */ = {
			isa = PBXResourcesBuildPhase;
			buildActionMask = 2147483647;
			files = (
			);
			runOnlyForDeploymentPostprocessing = 0;
		};
/* End PBXResourcesBuildPhase section */

/* Begin PBXSourcesBuildPhase section */
		8F8835E7245FD8C500FFDB08 /* Sources */ = {
			isa = PBXSourcesBuildPhase;
			buildActionMask = 2147483647;
			files = (
				8F8835EF245FD8C500FFDB08 /* AppDelegate.swift in Sources */,
				8F8835F1245FD8C500FFDB08 /* SceneDelegate.swift in Sources */,
				8F883613245FDAD000FFDB08 /* QuestionViewController.swift in Sources */,
				8F8738AA24651A5200D0D27B /* ResultsViewController.swift in Sources */,
			);
			runOnlyForDeploymentPostprocessing = 0;
		};
		8F8835FD245FD8C600FFDB08 /* Sources */ = {
			isa = PBXSourcesBuildPhase;
			buildActionMask = 2147483647;
			files = (
				8F883611245FDA3C00FFDB08 /* QuestionViewControllerTest.swift in Sources */,
				8F883606245FD8C600FFDB08 /* QuizAppTests.swift in Sources */,
				8F8738A724651A1900D0D27B /* ResultsViewControllerTest.swift in Sources */,
				8F8738AD2465BA2700D0D27B /* TableViewHelpers.swift in Sources */,
			);
			runOnlyForDeploymentPostprocessing = 0;
		};
/* End PBXSourcesBuildPhase section */

/* Begin PBXTargetDependency section */
		8F883603245FD8C600FFDB08 /* PBXTargetDependency */ = {
			isa = PBXTargetDependency;
			target = 8F8835EA245FD8C500FFDB08 /* QuizApp */;
			targetProxy = 8F883602245FD8C600FFDB08 /* PBXContainerItemProxy */;
		};
/* End PBXTargetDependency section */

/* Begin PBXVariantGroup section */
		8F8835F9245FD8C600FFDB08 /* LaunchScreen.storyboard */ = {
			isa = PBXVariantGroup;
			children = (
				8F8835FA245FD8C600FFDB08 /* Base */,
			);
			name = LaunchScreen.storyboard;
			sourceTree = "<group>";
		};
/* End PBXVariantGroup section */

/* Begin XCBuildConfiguration section */
		8F883608245FD8C600FFDB08 /* Debug */ = {
			isa = XCBuildConfiguration;
			buildSettings = {
				ALWAYS_SEARCH_USER_PATHS = NO;
				CLANG_ANALYZER_NONNULL = YES;
				CLANG_ANALYZER_NUMBER_OBJECT_CONVERSION = YES_AGGRESSIVE;
				CLANG_CXX_LANGUAGE_STANDARD = "gnu++14";
				CLANG_CXX_LIBRARY = "libc++";
				CLANG_ENABLE_MODULES = YES;
				CLANG_ENABLE_OBJC_ARC = YES;
				CLANG_ENABLE_OBJC_WEAK = YES;
				CLANG_WARN_BLOCK_CAPTURE_AUTORELEASING = YES;
				CLANG_WARN_BOOL_CONVERSION = YES;
				CLANG_WARN_COMMA = YES;
				CLANG_WARN_CONSTANT_CONVERSION = YES;
				CLANG_WARN_DEPRECATED_OBJC_IMPLEMENTATIONS = YES;
				CLANG_WARN_DIRECT_OBJC_ISA_USAGE = YES_ERROR;
				CLANG_WARN_DOCUMENTATION_COMMENTS = YES;
				CLANG_WARN_EMPTY_BODY = YES;
				CLANG_WARN_ENUM_CONVERSION = YES;
				CLANG_WARN_INFINITE_RECURSION = YES;
				CLANG_WARN_INT_CONVERSION = YES;
				CLANG_WARN_NON_LITERAL_NULL_CONVERSION = YES;
				CLANG_WARN_OBJC_IMPLICIT_RETAIN_SELF = YES;
				CLANG_WARN_OBJC_LITERAL_CONVERSION = YES;
				CLANG_WARN_OBJC_ROOT_CLASS = YES_ERROR;
				CLANG_WARN_RANGE_LOOP_ANALYSIS = YES;
				CLANG_WARN_STRICT_PROTOTYPES = YES;
				CLANG_WARN_SUSPICIOUS_MOVE = YES;
				CLANG_WARN_UNGUARDED_AVAILABILITY = YES_AGGRESSIVE;
				CLANG_WARN_UNREACHABLE_CODE = YES;
				CLANG_WARN__DUPLICATE_METHOD_MATCH = YES;
				COPY_PHASE_STRIP = NO;
				DEBUG_INFORMATION_FORMAT = dwarf;
				ENABLE_STRICT_OBJC_MSGSEND = YES;
				ENABLE_TESTABILITY = YES;
				GCC_C_LANGUAGE_STANDARD = gnu11;
				GCC_DYNAMIC_NO_PIC = NO;
				GCC_NO_COMMON_BLOCKS = YES;
				GCC_OPTIMIZATION_LEVEL = 0;
				GCC_PREPROCESSOR_DEFINITIONS = (
					"DEBUG=1",
					"$(inherited)",
				);
				GCC_WARN_64_TO_32_BIT_CONVERSION = YES;
				GCC_WARN_ABOUT_RETURN_TYPE = YES_ERROR;
				GCC_WARN_UNDECLARED_SELECTOR = YES;
				GCC_WARN_UNINITIALIZED_AUTOS = YES_AGGRESSIVE;
				GCC_WARN_UNUSED_FUNCTION = YES;
				GCC_WARN_UNUSED_VARIABLE = YES;
				IPHONEOS_DEPLOYMENT_TARGET = 13.4;
				MTL_ENABLE_DEBUG_INFO = INCLUDE_SOURCE;
				MTL_FAST_MATH = YES;
				ONLY_ACTIVE_ARCH = YES;
				SDKROOT = iphoneos;
				SWIFT_ACTIVE_COMPILATION_CONDITIONS = DEBUG;
				SWIFT_OPTIMIZATION_LEVEL = "-Onone";
			};
			name = Debug;
		};
		8F883609245FD8C600FFDB08 /* Release */ = {
			isa = XCBuildConfiguration;
			buildSettings = {
				ALWAYS_SEARCH_USER_PATHS = NO;
				CLANG_ANALYZER_NONNULL = YES;
				CLANG_ANALYZER_NUMBER_OBJECT_CONVERSION = YES_AGGRESSIVE;
				CLANG_CXX_LANGUAGE_STANDARD = "gnu++14";
				CLANG_CXX_LIBRARY = "libc++";
				CLANG_ENABLE_MODULES = YES;
				CLANG_ENABLE_OBJC_ARC = YES;
				CLANG_ENABLE_OBJC_WEAK = YES;
				CLANG_WARN_BLOCK_CAPTURE_AUTORELEASING = YES;
				CLANG_WARN_BOOL_CONVERSION = YES;
				CLANG_WARN_COMMA = YES;
				CLANG_WARN_CONSTANT_CONVERSION = YES;
				CLANG_WARN_DEPRECATED_OBJC_IMPLEMENTATIONS = YES;
				CLANG_WARN_DIRECT_OBJC_ISA_USAGE = YES_ERROR;
				CLANG_WARN_DOCUMENTATION_COMMENTS = YES;
				CLANG_WARN_EMPTY_BODY = YES;
				CLANG_WARN_ENUM_CONVERSION = YES;
				CLANG_WARN_INFINITE_RECURSION = YES;
				CLANG_WARN_INT_CONVERSION = YES;
				CLANG_WARN_NON_LITERAL_NULL_CONVERSION = YES;
				CLANG_WARN_OBJC_IMPLICIT_RETAIN_SELF = YES;
				CLANG_WARN_OBJC_LITERAL_CONVERSION = YES;
				CLANG_WARN_OBJC_ROOT_CLASS = YES_ERROR;
				CLANG_WARN_RANGE_LOOP_ANALYSIS = YES;
				CLANG_WARN_STRICT_PROTOTYPES = YES;
				CLANG_WARN_SUSPICIOUS_MOVE = YES;
				CLANG_WARN_UNGUARDED_AVAILABILITY = YES_AGGRESSIVE;
				CLANG_WARN_UNREACHABLE_CODE = YES;
				CLANG_WARN__DUPLICATE_METHOD_MATCH = YES;
				COPY_PHASE_STRIP = NO;
				DEBUG_INFORMATION_FORMAT = "dwarf-with-dsym";
				ENABLE_NS_ASSERTIONS = NO;
				ENABLE_STRICT_OBJC_MSGSEND = YES;
				GCC_C_LANGUAGE_STANDARD = gnu11;
				GCC_NO_COMMON_BLOCKS = YES;
				GCC_WARN_64_TO_32_BIT_CONVERSION = YES;
				GCC_WARN_ABOUT_RETURN_TYPE = YES_ERROR;
				GCC_WARN_UNDECLARED_SELECTOR = YES;
				GCC_WARN_UNINITIALIZED_AUTOS = YES_AGGRESSIVE;
				GCC_WARN_UNUSED_FUNCTION = YES;
				GCC_WARN_UNUSED_VARIABLE = YES;
				IPHONEOS_DEPLOYMENT_TARGET = 13.4;
				MTL_ENABLE_DEBUG_INFO = NO;
				MTL_FAST_MATH = YES;
				SDKROOT = iphoneos;
				SWIFT_COMPILATION_MODE = wholemodule;
				SWIFT_OPTIMIZATION_LEVEL = "-O";
				VALIDATE_PRODUCT = YES;
			};
			name = Release;
		};
		8F88360B245FD8C600FFDB08 /* Debug */ = {
			isa = XCBuildConfiguration;
			buildSettings = {
				ASSETCATALOG_COMPILER_APPICON_NAME = AppIcon;
				CODE_SIGN_STYLE = Automatic;
				DEVELOPMENT_TEAM = 7G82ECD844;
				INFOPLIST_FILE = QuizApp/Info.plist;
				LD_RUNPATH_SEARCH_PATHS = (
					"$(inherited)",
					"@executable_path/Frameworks",
				);
				PRODUCT_BUNDLE_IDENTIFIER = com.newwesterndev.QuizApp;
				PRODUCT_NAME = "$(TARGET_NAME)";
				SWIFT_VERSION = 5.0;
				TARGETED_DEVICE_FAMILY = "1,2";
			};
			name = Debug;
		};
		8F88360C245FD8C600FFDB08 /* Release */ = {
			isa = XCBuildConfiguration;
			buildSettings = {
				ASSETCATALOG_COMPILER_APPICON_NAME = AppIcon;
				CODE_SIGN_STYLE = Automatic;
				DEVELOPMENT_TEAM = 7G82ECD844;
				INFOPLIST_FILE = QuizApp/Info.plist;
				LD_RUNPATH_SEARCH_PATHS = (
					"$(inherited)",
					"@executable_path/Frameworks",
				);
				PRODUCT_BUNDLE_IDENTIFIER = com.newwesterndev.QuizApp;
				PRODUCT_NAME = "$(TARGET_NAME)";
				SWIFT_VERSION = 5.0;
				TARGETED_DEVICE_FAMILY = "1,2";
			};
			name = Release;
		};
		8F88360E245FD8C600FFDB08 /* Debug */ = {
			isa = XCBuildConfiguration;
			buildSettings = {
				ALWAYS_EMBED_SWIFT_STANDARD_LIBRARIES = YES;
				BUNDLE_LOADER = "$(TEST_HOST)";
				CODE_SIGN_STYLE = Automatic;
				DEVELOPMENT_TEAM = 7G82ECD844;
				INFOPLIST_FILE = QuizAppTests/Info.plist;
				IPHONEOS_DEPLOYMENT_TARGET = 13.4;
				LD_RUNPATH_SEARCH_PATHS = (
					"$(inherited)",
					"@executable_path/Frameworks",
					"@loader_path/Frameworks",
				);
				PRODUCT_BUNDLE_IDENTIFIER = com.newwesterndev.QuizAppTests;
				PRODUCT_NAME = "$(TARGET_NAME)";
				SWIFT_VERSION = 5.0;
				TARGETED_DEVICE_FAMILY = "1,2";
				TEST_HOST = "$(BUILT_PRODUCTS_DIR)/QuizApp.app/QuizApp";
			};
			name = Debug;
		};
		8F88360F245FD8C600FFDB08 /* Release */ = {
			isa = XCBuildConfiguration;
			buildSettings = {
				ALWAYS_EMBED_SWIFT_STANDARD_LIBRARIES = YES;
				BUNDLE_LOADER = "$(TEST_HOST)";
				CODE_SIGN_STYLE = Automatic;
				DEVELOPMENT_TEAM = 7G82ECD844;
				INFOPLIST_FILE = QuizAppTests/Info.plist;
				IPHONEOS_DEPLOYMENT_TARGET = 13.4;
				LD_RUNPATH_SEARCH_PATHS = (
					"$(inherited)",
					"@executable_path/Frameworks",
					"@loader_path/Frameworks",
				);
				PRODUCT_BUNDLE_IDENTIFIER = com.newwesterndev.QuizAppTests;
				PRODUCT_NAME = "$(TARGET_NAME)";
				SWIFT_VERSION = 5.0;
				TARGETED_DEVICE_FAMILY = "1,2";
				TEST_HOST = "$(BUILT_PRODUCTS_DIR)/QuizApp.app/QuizApp";
			};
			name = Release;
		};
/* End XCBuildConfiguration section */

/* Begin XCConfigurationList section */
		8F8835E6245FD8C500FFDB08 /* Build configuration list for PBXProject "QuizApp" */ = {
			isa = XCConfigurationList;
			buildConfigurations = (
				8F883608245FD8C600FFDB08 /* Debug */,
				8F883609245FD8C600FFDB08 /* Release */,
			);
			defaultConfigurationIsVisible = 0;
			defaultConfigurationName = Release;
		};
		8F88360A245FD8C600FFDB08 /* Build configuration list for PBXNativeTarget "QuizApp" */ = {
			isa = XCConfigurationList;
			buildConfigurations = (
				8F88360B245FD8C600FFDB08 /* Debug */,
				8F88360C245FD8C600FFDB08 /* Release */,
			);
			defaultConfigurationIsVisible = 0;
			defaultConfigurationName = Release;
		};
		8F88360D245FD8C600FFDB08 /* Build configuration list for PBXNativeTarget "QuizAppTests" */ = {
			isa = XCConfigurationList;
			buildConfigurations = (
				8F88360E245FD8C600FFDB08 /* Debug */,
				8F88360F245FD8C600FFDB08 /* Release */,
			);
			defaultConfigurationIsVisible = 0;
			defaultConfigurationName = Release;
		};
/* End XCConfigurationList section */
	};
	rootObject = 8F8835E3245FD8C500FFDB08 /* Project object */;
}
